
Microsoft Visual Studio Solution File, Format Version 12.00
# Visual Studio Version 16
VisualStudioVersion = 16.0.29201.188
MinimumVisualStudioVersion = 10.0.40219.1
Project("{2150E333-8FDC-42A3-9474-1A3956D46DE8}") = "Services", "Services", "{6DBF8963-2DBC-4A5F-93DB-926B4AB140BF}"
EndProject
Project("{2150E333-8FDC-42A3-9474-1A3956D46DE8}") = "DataAccess", "DataAccess", "{5FE46C1C-9496-4300-A741-C8EBFC3EE15F}"
EndProject
Project("{2150E333-8FDC-42A3-9474-1A3956D46DE8}") = "Common", "Common", "{3A2CC740-CF74-46E9-87BF-405E49A0E1CB}"
EndProject
Project("{2150E333-8FDC-42A3-9474-1A3956D46DE8}") = "WebUI", "WebUI", "{550153E9-CC4A-4093-87F3-63BF4FC70BED}"
EndProject
Project("{2150E333-8FDC-42A3-9474-1A3956D46DE8}") = "Microservices", "Microservices", "{A1B2C3D4-E5F6-7890-ABCD-EF1234567890}"
EndProject
Project("{9A19103F-16F7-4668-BE54-9A1E7A4F7556}") = "BaseCore.Common", "BaseCore.Common\BaseCore.Common.csproj", "{6F1CD8F3-B7CA-4385-B68E-67B2DC77C6D4}"
EndProject
Project("{9A19103F-16F7-4668-BE54-9A1E7A4F7556}") = "BaseCore.Entities", "BaseCore.Entities\BaseCore.Entities.csproj", "{FDA236EF-0483-4535-AD20-6B3FA474369C}"
EndProject
Project("{9A19103F-16F7-4668-BE54-9A1E7A4F7556}") = "BaseCore.Libs", "BaseCore.Libs\BaseCore.Libs.csproj", "{8514CBD2-CCA4-46FC-8CD3-93A16E5F2F0A}"
EndProject
Project("{9A19103F-16F7-4668-BE54-9A1E7A4F7556}") = "BaseCore.Repository", "BaseCore.Repository\BaseCore.Repository.csproj", "{9C747753-99CA-4281-BE7D-1711BA222237}"
EndProject
Project("{9A19103F-16F7-4668-BE54-9A1E7A4F7556}") = "BaseCore.DTO", "BaseCore.DTO\BaseCore.DTO.csproj", "{748A2479-E8AC-453C-9FC2-AAE28B9F1AFA}"
EndProject
Project("{9A19103F-16F7-4668-BE54-9A1E7A4F7556}") = "BaseCore.Services", "BaseCore.Services\BaseCore.Services.csproj", "{19540157-8E18-4C2D-A482-34832430B612}"
EndProject
Project("{9A19103F-16F7-4668-BE54-9A1E7A4F7556}") = "BaseCore.AuthService", "BaseCore.AuthService\BaseCore.AuthService.csproj", "{FDA5D057-E608-4A17-B58B-FABEADC300D9}"
EndProject
Project("{9A19103F-16F7-4668-BE54-9A1E7A4F7556}") = "BaseCore.ApiGateway", "BaseCore.ApiGateway\BaseCore.ApiGateway.csproj", "{3934463F-480E-4BE1-8796-E79F458CAEE7}"
EndProject
Project("{9A19103F-16F7-4668-BE54-9A1E7A4F7556}") = "BaseCore.APIService", "BaseCore.APIService\BaseCore.APIService.csproj", "{B1C2D3E4-F5A6-7890-BCDE-F12345678901}"
EndProject
Global
	GlobalSection(SolutionConfigurationPlatforms) = preSolution
		Debug|Any CPU = Debug|Any CPU
		Debug|x64 = Debug|x64
		Debug|x86 = Debug|x86
		Release|Any CPU = Release|Any CPU
		Release|x64 = Release|x64
		Release|x86 = Release|x86
	EndGlobalSection
	GlobalSection(ProjectConfigurationPlatforms) = postSolution
		{6F1CD8F3-B7CA-4385-B68E-67B2DC77C6D4}.Debug|Any CPU.ActiveCfg = Debug|Any CPU
		{6F1CD8F3-B7CA-4385-B68E-67B2DC77C6D4}.Debug|Any CPU.Build.0 = Debug|Any CPU
		{6F1CD8F3-B7CA-4385-B68E-67B2DC77C6D4}.Debug|x64.ActiveCfg = Debug|Any CPU
		{6F1CD8F3-B7CA-4385-B68E-67B2DC77C6D4}.Debug|x64.Build.0 = Debug|Any CPU
		{6F1CD8F3-B7CA-4385-B68E-67B2DC77C6D4}.Debug|x86.ActiveCfg = Debug|Any CPU
		{6F1CD8F3-B7CA-4385-B68E-67B2DC77C6D4}.Debug|x86.Build.0 = Debug|Any CPU
		{6F1CD8F3-B7CA-4385-B68E-67B2DC77C6D4}.Release|Any CPU.ActiveCfg = Release|Any CPU
		{6F1CD8F3-B7CA-4385-B68E-67B2DC77C6D4}.Release|Any CPU.Build.0 = Release|Any CPU
		{6F1CD8F3-B7CA-4385-B68E-67B2DC77C6D4}.Release|x64.ActiveCfg = Release|Any CPU
		{6F1CD8F3-B7CA-4385-B68E-67B2DC77C6D4}.Release|x64.Build.0 = Release|Any CPU
		{6F1CD8F3-B7CA-4385-B68E-67B2DC77C6D4}.Release|x86.ActiveCfg = Release|Any CPU
		{6F1CD8F3-B7CA-4385-B68E-67B2DC77C6D4}.Release|x86.Build.0 = Release|Any CPU
		{FDA236EF-0483-4535-AD20-6B3FA474369C}.Debug|Any CPU.ActiveCfg = Debug|Any CPU
		{FDA236EF-0483-4535-AD20-6B3FA474369C}.Debug|Any CPU.Build.0 = Debug|Any CPU
		{FDA236EF-0483-4535-AD20-6B3FA474369C}.Debug|x64.ActiveCfg = Debug|Any CPU
		{FDA236EF-0483-4535-AD20-6B3FA474369C}.Debug|x64.Build.0 = Debug|Any CPU
		{FDA236EF-0483-4535-AD20-6B3FA474369C}.Debug|x86.ActiveCfg = Debug|Any CPU
		{FDA236EF-0483-4535-AD20-6B3FA474369C}.Debug|x86.Build.0 = Debug|Any CPU
		{FDA236EF-0483-4535-AD20-6B3FA474369C}.Release|Any CPU.ActiveCfg = Release|Any CPU
		{FDA236EF-0483-4535-AD20-6B3FA474369C}.Release|Any CPU.Build.0 = Release|Any CPU
		{FDA236EF-0483-4535-AD20-6B3FA474369C}.Release|x64.ActiveCfg = Release|Any CPU
		{FDA236EF-0483-4535-AD20-6B3FA474369C}.Release|x64.Build.0 = Release|Any CPU
		{FDA236EF-0483-4535-AD20-6B3FA474369C}.Release|x86.ActiveCfg = Release|Any CPU
		{FDA236EF-0483-4535-AD20-6B3FA474369C}.Release|x86.Build.0 = Release|Any CPU
		{8514CBD2-CCA4-46FC-8CD3-93A16E5F2F0A}.Debug|Any CPU.ActiveCfg = Debug|Any CPU
		{8514CBD2-CCA4-46FC-8CD3-93A16E5F2F0A}.Debug|Any CPU.Build.0 = Debug|Any CPU
		{8514CBD2-CCA4-46FC-8CD3-93A16E5F2F0A}.Debug|x64.ActiveCfg = Debug|Any CPU
		{8514CBD2-CCA4-46FC-8CD3-93A16E5F2F0A}.Debug|x64.Build.0 = Debug|Any CPU
		{8514CBD2-CCA4-46FC-8CD3-93A16E5F2F0A}.Debug|x86.ActiveCfg = Debug|Any CPU
		{8514CBD2-CCA4-46FC-8CD3-93A16E5F2F0A}.Debug|x86.Build.0 = Debug|Any CPU
		{8514CBD2-CCA4-46FC-8CD3-93A16E5F2F0A}.Release|Any CPU.ActiveCfg = Release|Any CPU
		{8514CBD2-CCA4-46FC-8CD3-93A16E5F2F0A}.Release|Any CPU.Build.0 = Release|Any CPU
		{8514CBD2-CCA4-46FC-8CD3-93A16E5F2F0A}.Release|x64.ActiveCfg = Release|Any CPU
		{8514CBD2-CCA4-46FC-8CD3-93A16E5F2F0A}.Release|x64.Build.0 = Release|Any CPU
		{8514CBD2-CCA4-46FC-8CD3-93A16E5F2F0A}.Release|x86.ActiveCfg = Release|Any CPU
		{8514CBD2-CCA4-46FC-8CD3-93A16E5F2F0A}.Release|x86.Build.0 = Release|Any CPU
		{9C747753-99CA-4281-BE7D-1711BA222237}.Debug|Any CPU.ActiveCfg = Debug|Any CPU
		{9C747753-99CA-4281-BE7D-1711BA222237}.Debug|Any CPU.Build.0 = Debug|Any CPU
		{9C747753-99CA-4281-BE7D-1711BA222237}.Debug|x64.ActiveCfg = Debug|Any CPU
		{9C747753-99CA-4281-BE7D-1711BA222237}.Debug|x64.Build.0 = Debug|Any CPU
		{9C747753-99CA-4281-BE7D-1711BA222237}.Debug|x86.ActiveCfg = Debug|Any CPU
		{9C747753-99CA-4281-BE7D-1711BA222237}.Debug|x86.Build.0 = Debug|Any CPU
		{9C747753-99CA-4281-BE7D-1711BA222237}.Release|Any CPU.ActiveCfg = Release|Any CPU
		{9C747753-99CA-4281-BE7D-1711BA222237}.Release|Any CPU.Build.0 = Release|Any CPU
		{9C747753-99CA-4281-BE7D-1711BA222237}.Release|x64.ActiveCfg = Release|Any CPU
		{9C747753-99CA-4281-BE7D-1711BA222237}.Release|x64.Build.0 = Release|Any CPU
		{9C747753-99CA-4281-BE7D-1711BA222237}.Release|x86.ActiveCfg = Release|Any CPU
		{9C747753-99CA-4281-BE7D-1711BA222237}.Release|x86.Build.0 = Release|Any CPU
		{748A2479-E8AC-453C-9FC2-AAE28B9F1AFA}.Debug|Any CPU.ActiveCfg = Debug|Any CPU
		{748A2479-E8AC-453C-9FC2-AAE28B9F1AFA}.Debug|Any CPU.Build.0 = Debug|Any CPU
		{748A2479-E8AC-453C-9FC2-AAE28B9F1AFA}.Debug|x64.ActiveCfg = Debug|Any CPU
		{748A2479-E8AC-453C-9FC2-AAE28B9F1AFA}.Debug|x64.Build.0 = Debug|Any CPU
		{748A2479-E8AC-453C-9FC2-AAE28B9F1AFA}.Debug|x86.ActiveCfg = Debug|Any CPU
		{748A2479-E8AC-453C-9FC2-AAE28B9F1AFA}.Debug|x86.Build.0 = Debug|Any CPU
		{748A2479-E8AC-453C-9FC2-AAE28B9F1AFA}.Release|Any CPU.ActiveCfg = Release|Any CPU
		{748A2479-E8AC-453C-9FC2-AAE28B9F1AFA}.Release|Any CPU.Build.0 = Release|Any CPU
		{748A2479-E8AC-453C-9FC2-AAE28B9F1AFA}.Release|x64.ActiveCfg = Release|Any CPU
		{748A2479-E8AC-453C-9FC2-AAE28B9F1AFA}.Release|x64.Build.0 = Release|Any CPU
		{748A2479-E8AC-453C-9FC2-AAE28B9F1AFA}.Release|x86.ActiveCfg = Release|Any CPU
		{748A2479-E8AC-453C-9FC2-AAE28B9F1AFA}.Release|x86.Build.0 = Release|Any CPU
		{19540157-8E18-4C2D-A482-34832430B612}.Debug|Any CPU.ActiveCfg = Debug|Any CPU
		{19540157-8E18-4C2D-A482-34832430B612}.Debug|Any CPU.Build.0 = Debug|Any CPU
		{19540157-8E18-4C2D-A482-34832430B612}.Debug|x64.ActiveCfg = Debug|Any CPU
		{19540157-8E18-4C2D-A482-34832430B612}.Debug|x64.Build.0 = Debug|Any CPU
		{19540157-8E18-4C2D-A482-34832430B612}.Debug|x86.ActiveCfg = Debug|Any CPU
		{19540157-8E18-4C2D-A482-34832430B612}.Debug|x86.Build.0 = Debug|Any CPU
		{19540157-8E18-4C2D-A482-34832430B612}.Release|Any CPU.ActiveCfg = Release|Any CPU
		{19540157-8E18-4C2D-A482-34832430B612}.Release|Any CPU.Build.0 = Release|Any CPU
		{19540157-8E18-4C2D-A482-34832430B612}.Release|x64.ActiveCfg = Release|Any CPU
		{19540157-8E18-4C2D-A482-34832430B612}.Release|x64.Build.0 = Release|Any CPU
		{19540157-8E18-4C2D-A482-34832430B612}.Release|x86.ActiveCfg = Release|Any CPU
		{19540157-8E18-4C2D-A482-34832430B612}.Release|x86.Build.0 = Release|Any CPU
		{FDA5D057-E608-4A17-B58B-FABEADC300D9}.Debug|Any CPU.ActiveCfg = Debug|Any CPU
		{FDA5D057-E608-4A17-B58B-FABEADC300D9}.Debug|Any CPU.Build.0 = Debug|Any CPU
		{FDA5D057-E608-4A17-B58B-FABEADC300D9}.Debug|x64.ActiveCfg = Debug|Any CPU
		{FDA5D057-E608-4A17-B58B-FABEADC300D9}.Debug|x64.Build.0 = Debug|Any CPU
		{FDA5D057-E608-4A17-B58B-FABEADC300D9}.Debug|x86.ActiveCfg = Debug|Any CPU
		{FDA5D057-E608-4A17-B58B-FABEADC300D9}.Debug|x86.Build.0 = Debug|Any CPU
		{FDA5D057-E608-4A17-B58B-FABEADC300D9}.Release|Any CPU.ActiveCfg = Release|Any CPU
		{FDA5D057-E608-4A17-B58B-FABEADC300D9}.Release|Any CPU.Build.0 = Release|Any CPU
		{FDA5D057-E608-4A17-B58B-FABEADC300D9}.Release|x64.ActiveCfg = Release|Any CPU
		{FDA5D057-E608-4A17-B58B-FABEADC300D9}.Release|x64.Build.0 = Release|Any CPU
		{FDA5D057-E608-4A17-B58B-FABEADC300D9}.Release|x86.ActiveCfg = Release|Any CPU
		{FDA5D057-E608-4A17-B58B-FABEADC300D9}.Release|x86.Build.0 = Release|Any CPU
		{3934463F-480E-4BE1-8796-E79F458CAEE7}.Debug|Any CPU.ActiveCfg = Debug|Any CPU
		{3934463F-480E-4BE1-8796-E79F458CAEE7}.Debug|Any CPU.Build.0 = Debug|Any CPU
		{3934463F-480E-4BE1-8796-E79F458CAEE7}.Debug|x64.ActiveCfg = Debug|Any CPU
		{3934463F-480E-4BE1-8796-E79F458CAEE7}.Debug|x64.Build.0 = Debug|Any CPU
		{3934463F-480E-4BE1-8796-E79F458CAEE7}.Debug|x86.ActiveCfg = Debug|Any CPU
		{3934463F-480E-4BE1-8796-E79F458CAEE7}.Debug|x86.Build.0 = Debug|Any CPU
		{3934463F-480E-4BE1-8796-E79F458CAEE7}.Release|Any CPU.ActiveCfg = Release|Any CPU
		{3934463F-480E-4BE1-8796-E79F458CAEE7}.Release|Any CPU.Build.0 = Release|Any CPU
		{3934463F-480E-4BE1-8796-E79F458CAEE7}.Release|x64.ActiveCfg = Release|Any CPU
		{3934463F-480E-4BE1-8796-E79F458CAEE7}.Release|x64.Build.0 = Release|Any CPU
		{3934463F-480E-4BE1-8796-E79F458CAEE7}.Release|x86.ActiveCfg = Release|Any CPU
		{3934463F-480E-4BE1-8796-E79F458CAEE7}.Release|x86.Build.0 = Release|Any CPU
		{B1C2D3E4-F5A6-7890-BCDE-F12345678901}.Debug|Any CPU.ActiveCfg = Debug|Any CPU
		{B1C2D3E4-F5A6-7890-BCDE-F12345678901}.Debug|Any CPU.Build.0 = Debug|Any CPU
		{B1C2D3E4-F5A6-7890-BCDE-F12345678901}.Debug|x64.ActiveCfg = Debug|Any CPU
		{B1C2D3E4-F5A6-7890-BCDE-F12345678901}.Debug|x64.Build.0 = Debug|Any CPU
		{B1C2D3E4-F5A6-7890-BCDE-F12345678901}.Debug|x86.ActiveCfg = Debug|Any CPU
		{B1C2D3E4-F5A6-7890-BCDE-F12345678901}.Debug|x86.Build.0 = Debug|Any CPU
		{B1C2D3E4-F5A6-7890-BCDE-F12345678901}.Release|Any CPU.ActiveCfg = Release|Any CPU
		{B1C2D3E4-F5A6-7890-BCDE-F12345678901}.Release|Any CPU.Build.0 = Release|Any CPU
		{B1C2D3E4-F5A6-7890-BCDE-F12345678901}.Release|x64.ActiveCfg = Release|Any CPU
		{B1C2D3E4-F5A6-7890-BCDE-F12345678901}.Release|x64.Build.0 = Release|Any CPU
		{B1C2D3E4-F5A6-7890-BCDE-F12345678901}.Release|x86.ActiveCfg = Release|Any CPU
		{B1C2D3E4-F5A6-7890-BCDE-F12345678901}.Release|x86.Build.0 = Release|Any CPU
	EndGlobalSection
	GlobalSection(SolutionProperties) = preSolution
		HideSolutionNode = FALSE
	EndGlobalSection
	GlobalSection(NestedProjects) = preSolution
		{6F1CD8F3-B7CA-4385-B68E-67B2DC77C6D4} = {3A2CC740-CF74-46E9-87BF-405E49A0E1CB}
		{FDA236EF-0483-4535-AD20-6B3FA474369C} = {5FE46C1C-9496-4300-A741-C8EBFC3EE15F}
		{8514CBD2-CCA4-46FC-8CD3-93A16E5F2F0A} = {5FE46C1C-9496-4300-A741-C8EBFC3EE15F}
		{9C747753-99CA-4281-BE7D-1711BA222237} = {5FE46C1C-9496-4300-A741-C8EBFC3EE15F}
		{748A2479-E8AC-453C-9FC2-AAE28B9F1AFA} = {6DBF8963-2DBC-4A5F-93DB-926B4AB140BF}
		{19540157-8E18-4C2D-A482-34832430B612} = {6DBF8963-2DBC-4A5F-93DB-926B4AB140BF}
		{FDA5D057-E608-4A17-B58B-FABEADC300D9} = {A1B2C3D4-E5F6-7890-ABCD-EF1234567890}
		{3934463F-480E-4BE1-8796-E79F458CAEE7} = {A1B2C3D4-E5F6-7890-ABCD-EF1234567890}
		{B1C2D3E4-F5A6-7890-BCDE-F12345678901} = {A1B2C3D4-E5F6-7890-ABCD-EF1234567890}
	EndGlobalSection
	GlobalSection(ExtensibilityGlobals) = postSolution
		SolutionGuid = {103E61E1-58D1-4446-950A-49B5188818A3}
	EndGlobalSection
EndGlobal
